
Microsoft Visual Studio Solution File, Format Version 12.00
# Visual Studio Version 17
VisualStudioVersion = 17.0.31919.166
MinimumVisualStudioVersion = 10.0.40219.1
Project("{FAE04EC0-301F-11D3-BF4B-00C04F79EFBC}") = "Primeiro DIO", "Primeiro DIO\Primeiro DIO.csproj", "{2C7FC206-52DF-4B08-9AE7-98E8A210AFE8}"
EndProject
Global
	GlobalSection(SolutionConfigurationPlatforms) = preSolution
		Debug|Any CPU = Debug|Any CPU
		Release|Any CPU = Release|Any CPU
	EndGlobalSection
	GlobalSection(ProjectConfigurationPlatforms) = postSolution
		{2C7FC206-52DF-4B08-9AE7-98E8A210AFE8}.Debug|Any CPU.ActiveCfg = Debug|Any CPU
		{2C7FC206-52DF-4B08-9AE7-98E8A210AFE8}.Debug|Any CPU.Build.0 = Debug|Any CPU
		{2C7FC206-52DF-4B08-9AE7-98E8A210AFE8}.Release|Any CPU.ActiveCfg = Release|Any CPU
		{2C7FC206-52DF-4B08-9AE7-98E8A210AFE8}.Release|Any CPU.Build.0 = Release|Any CPU
	EndGlobalSection
	GlobalSection(SolutionProperties) = preSolution
		HideSolutionNode = FALSE
	EndGlobalSection
	GlobalSection(ExtensibilityGlobals) = postSolution
		SolutionGuid = {AE9652D6-B03E-4B09-B5E7-3349F95C39EF}
	EndGlobalSection
EndGlobal
